
Microsoft Visual Studio Solution File, Format Version 12.00
# Visual Studio Version 17
VisualStudioVersion = 17.5.33516.290
MinimumVisualStudioVersion = 10.0.40219.1
Project("{FAE04EC0-301F-11D3-BF4B-00C04F79EFBC}") = "BinaryHeap", "BinaryHeap\BinaryHeap.csproj", "{B5BA836B-BB20-494F-BAA4-A17254352B62}"
EndProject
Global
	GlobalSection(SolutionConfigurationPlatforms) = preSolution
		Debug|Any CPU = Debug|Any CPU
		Release|Any CPU = Release|Any CPU
	EndGlobalSection
	GlobalSection(ProjectConfigurationPlatforms) = postSolution
		{B5BA836B-BB20-494F-BAA4-A17254352B62}.Debug|Any CPU.ActiveCfg = Debug|Any CPU
		{B5BA836B-BB20-494F-BAA4-A17254352B62}.Debug|Any CPU.Build.0 = Debug|Any CPU
		{B5BA836B-BB20-494F-BAA4-A17254352B62}.Release|Any CPU.ActiveCfg = Release|Any CPU
		{B5BA836B-BB20-494F-BAA4-A17254352B62}.Release|Any CPU.Build.0 = Release|Any CPU
	EndGlobalSection
	GlobalSection(SolutionProperties) = preSolution
		HideSolutionNode = FALSE
	EndGlobalSection
	GlobalSection(ExtensibilityGlobals) = postSolution
		SolutionGuid = {B1BA3F9D-5D1D-4C6E-B84C-DF9BC544AECD}
	EndGlobalSection
EndGlobal
