
Microsoft Visual Studio Solution File, Format Version 12.00
# Visual Studio Version 17
VisualStudioVersion = 17.7.34031.279
MinimumVisualStudioVersion = 10.0.40219.1
Project("{FAE04EC0-301F-11D3-BF4B-00C04F79EFBC}") = "DragAndDrop", "DragAndDrop\DragAndDrop.csproj", "{430AC6B4-1901-48F8-AC98-9073E9BADA38}"
EndProject
Global
	GlobalSection(SolutionConfigurationPlatforms) = preSolution
		Debug|Any CPU = Debug|Any CPU
		Release|Any CPU = Release|Any CPU
	EndGlobalSection
	GlobalSection(ProjectConfigurationPlatforms) = postSolution
		{430AC6B4-1901-48F8-AC98-9073E9BADA38}.Debug|Any CPU.ActiveCfg = Debug|Any CPU
		{430AC6B4-1901-48F8-AC98-9073E9BADA38}.Debug|Any CPU.Build.0 = Debug|Any CPU
		{430AC6B4-1901-48F8-AC98-9073E9BADA38}.Release|Any CPU.ActiveCfg = Release|Any CPU
		{430AC6B4-1901-48F8-AC98-9073E9BADA38}.Release|Any CPU.Build.0 = Release|Any CPU
	EndGlobalSection
	GlobalSection(SolutionProperties) = preSolution
		HideSolutionNode = FALSE
	EndGlobalSection
	GlobalSection(ExtensibilityGlobals) = postSolution
		SolutionGuid = {ED3596F7-7DE0-4377-98B6-CB7C2D6009E4}
	EndGlobalSection
EndGlobal
